# This file is automatically @generated by Cargo.
# It is not intended for manual editing.
version = 4

[[package]]
name = "R-207"
version = "0.1.0"
dependencies = [
 "aarch64-cpu",
 "some_crate",
]

[[package]]
name = "aarch64-cpu"
version = "10.0.0"
source = "registry+https://github.com/rust-lang/crates.io-index"
checksum = "6a21cd0131c25c438e19cd6a774adf7e3f64f7f4d723022882facc2dee0f8bc9"
dependencies = [
 "tock-registers",
]

[[package]]
name = "some_crate"
version = "0.2.1"
source = "registry+https://github.com/rust-lang/crates.io-index"
checksum = "29467b36d575693635d079fa6d3ef443338232d631c944d7c0040e6e6e34d750"

[[package]]
name = "tock-registers"
version = "0.9.0"
source = "registry+https://github.com/rust-lang/crates.io-index"
checksum = "2b9e2fdb3a1e862c0661768b7ed25390811df1947a8acbfbefe09b47078d93c4"
