# This file is automatically @generated by Cargo.
# It is not intended for manual editing.
version = 4

[[package]]
name = "R-207"
version = "0.1.0"
dependencies = [
 "some_crate",
]

[[package]]
name = "some_crate"
version = "0.2.1"
source = "registry+https://github.com/rust-lang/crates.io-index"
checksum = "29467b36d575693635d079fa6d3ef443338232d631c944d7c0040e6e6e34d750"
